
Microsoft Visual Studio Solution File, Format Version 12.00
# Visual Studio 15
VisualStudioVersion = 15.0.27004.2005
MinimumVisualStudioVersion = 10.0.40219.1
Project("{9A19103F-16F7-4668-BE54-9A1E7A4F7556}") = "Benaa2018", "Benaa2018\Benaa2018.csproj", "{FD07CA1F-F79E-41EF-B300-B26436DB74F5}"
EndProject
Project("{9A19103F-16F7-4668-BE54-9A1E7A4F7556}") = "Benaa2018.Data", "Benaa2018.Data\Benaa2018.Data.csproj", "{B3C70CB7-CA4F-4754-8910-CECBDE2F4E08}"
EndProject
Project("{9A19103F-16F7-4668-BE54-9A1E7A4F7556}") = "Benaa2018.Helper", "Benaa2018.Data.Helpers\Benaa2018.Helper.csproj", "{510DD152-F7A5-4ED5-8866-4BD514DEBF73}"
EndProject
Global
	GlobalSection(SolutionConfigurationPlatforms) = preSolution
		Debug|Any CPU = Debug|Any CPU
		Release|Any CPU = Release|Any CPU
	EndGlobalSection
	GlobalSection(ProjectConfigurationPlatforms) = postSolution
		{FD07CA1F-F79E-41EF-B300-B26436DB74F5}.Debug|Any CPU.ActiveCfg = Debug|Any CPU
		{FD07CA1F-F79E-41EF-B300-B26436DB74F5}.Debug|Any CPU.Build.0 = Debug|Any CPU
		{FD07CA1F-F79E-41EF-B300-B26436DB74F5}.Release|Any CPU.ActiveCfg = Release|Any CPU
		{FD07CA1F-F79E-41EF-B300-B26436DB74F5}.Release|Any CPU.Build.0 = Release|Any CPU
		{B3C70CB7-CA4F-4754-8910-CECBDE2F4E08}.Debug|Any CPU.ActiveCfg = Debug|Any CPU
		{B3C70CB7-CA4F-4754-8910-CECBDE2F4E08}.Debug|Any CPU.Build.0 = Debug|Any CPU
		{B3C70CB7-CA4F-4754-8910-CECBDE2F4E08}.Release|Any CPU.ActiveCfg = Release|Any CPU
		{B3C70CB7-CA4F-4754-8910-CECBDE2F4E08}.Release|Any CPU.Build.0 = Release|Any CPU
		{510DD152-F7A5-4ED5-8866-4BD514DEBF73}.Debug|Any CPU.ActiveCfg = Debug|Any CPU
		{510DD152-F7A5-4ED5-8866-4BD514DEBF73}.Debug|Any CPU.Build.0 = Debug|Any CPU
		{510DD152-F7A5-4ED5-8866-4BD514DEBF73}.Release|Any CPU.ActiveCfg = Release|Any CPU
		{510DD152-F7A5-4ED5-8866-4BD514DEBF73}.Release|Any CPU.Build.0 = Release|Any CPU
	EndGlobalSection
	GlobalSection(SolutionProperties) = preSolution
		HideSolutionNode = FALSE
	EndGlobalSection
	GlobalSection(ExtensibilityGlobals) = postSolution
		SolutionGuid = {18B73999-A579-43AF-94CD-5F0647437B6A}
	EndGlobalSection
EndGlobal
